
Microsoft Visual Studio Solution File, Format Version 12.00
# Visual Studio 2012
Project("{FAE04EC0-301F-11D3-BF4B-00C04F79EFBC}") = "AngularTS", "AngularTS\AngularTS.csproj", "{46DB7E67-CCED-4BA5-936C-635F4344137E}"
EndProject
Global
	GlobalSection(SolutionConfigurationPlatforms) = preSolution
		Release|Any CPU = Release|Any CPU
	EndGlobalSection
	GlobalSection(ProjectConfigurationPlatforms) = postSolution
		{46DB7E67-CCED-4BA5-936C-635F4344137E}.Release|Any CPU.ActiveCfg = Release|Any CPU
		{46DB7E67-CCED-4BA5-936C-635F4344137E}.Release|Any CPU.Build.0 = Release|Any CPU
	EndGlobalSection
	GlobalSection(SolutionProperties) = preSolution
		HideSolutionNode = FALSE
	EndGlobalSection
EndGlobal
